// !$*UTF8*$!
{
	archiveVersion = 1;
	classes = {
	};
	objectVersion = 46;
	objects = {

/* Begin PBXBuildFile section */
		0B0D1EF2DE35FC165D080487 /* Pods_PennLabs.framework in Frameworks */ = {isa = PBXBuildFile; fileRef = 69F30AE3165046DC0705E85E /* Pods_PennLabs.framework */; };
		5A0BE661FBCFFA13E05A8666 /* Pods_PennLabsTests.framework in Frameworks */ = {isa = PBXBuildFile; fileRef = 90F58D05463DFE33D2E97F77 /* Pods_PennLabsTests.framework */; };
		863816B4B63043B16091C85F /* Pods_PennLabsUITests.framework in Frameworks */ = {isa = PBXBuildFile; fileRef = 386C8E6A4069022272E6E9C6 /* Pods_PennLabsUITests.framework */; };
		C9002BE61E4F7D4100489982 /* AppDelegate.swift in Sources */ = {isa = PBXBuildFile; fileRef = C9002BE51E4F7D4100489982 /* AppDelegate.swift */; };
		C9002BE81E4F7D4100489982 /* ViewController.swift in Sources */ = {isa = PBXBuildFile; fileRef = C9002BE71E4F7D4100489982 /* ViewController.swift */; };
		C9002BEB1E4F7D4100489982 /* Main.storyboard in Resources */ = {isa = PBXBuildFile; fileRef = C9002BE91E4F7D4100489982 /* Main.storyboard */; };
		C9002BED1E4F7D4100489982 /* Assets.xcassets in Resources */ = {isa = PBXBuildFile; fileRef = C9002BEC1E4F7D4100489982 /* Assets.xcassets */; };
		C9002BF01E4F7D4100489982 /* LaunchScreen.storyboard in Resources */ = {isa = PBXBuildFile; fileRef = C9002BEE1E4F7D4100489982 /* LaunchScreen.storyboard */; };
		C9002BFB1E4F7D4100489982 /* PennLabsTests.swift in Sources */ = {isa = PBXBuildFile; fileRef = C9002BFA1E4F7D4100489982 /* PennLabsTests.swift */; };
		C9002C061E4F7D4100489982 /* PennLabsUITests.swift in Sources */ = {isa = PBXBuildFile; fileRef = C9002C051E4F7D4100489982 /* PennLabsUITests.swift */; };
		C961A1D81E4F80D300D0FE14 /* JsonController.swift in Sources */ = {isa = PBXBuildFile; fileRef = C961A1D71E4F80D300D0FE14 /* JsonController.swift */; };
		C961A1DA1E4F891800D0FE14 /* MapController.swift in Sources */ = {isa = PBXBuildFile; fileRef = C961A1D91E4F891800D0FE14 /* MapController.swift */; };
		C961A1DC1E4F965700D0FE14 /* HistoryController.swift in Sources */ = {isa = PBXBuildFile; fileRef = C961A1DB1E4F965700D0FE14 /* HistoryController.swift */; };
		C961A1DE1E4F972D00D0FE14 /* HistoryCell.swift in Sources */ = {isa = PBXBuildFile; fileRef = C961A1DD1E4F972D00D0FE14 /* HistoryCell.swift */; };
		C961A1E01E4F9BB500D0FE14 /* Data.plist in Resources */ = {isa = PBXBuildFile; fileRef = C961A1DF1E4F9BB500D0FE14 /* Data.plist */; };
/* End PBXBuildFile section */

/* Begin PBXContainerItemProxy section */
		C9002BF71E4F7D4100489982 /* PBXContainerItemProxy */ = {
			isa = PBXContainerItemProxy;
			containerPortal = C9002BDA1E4F7D4100489982 /* Project object */;
			proxyType = 1;
			remoteGlobalIDString = C9002BE11E4F7D4100489982;
			remoteInfo = PennLabs;
		};
		C9002C021E4F7D4100489982 /* PBXContainerItemProxy */ = {
			isa = PBXContainerItemProxy;
			containerPortal = C9002BDA1E4F7D4100489982 /* Project object */;
			proxyType = 1;
			remoteGlobalIDString = C9002BE11E4F7D4100489982;
			remoteInfo = PennLabs;
		};
/* End PBXContainerItemProxy section */

/* Begin PBXFileReference section */
		1900E01FB9591D5F0F412C32 /* Pods-PennLabs.release.xcconfig */ = {isa = PBXFileReference; includeInIndex = 1; lastKnownFileType = text.xcconfig; name = "Pods-PennLabs.release.xcconfig"; path = "Pods/Target Support Files/Pods-PennLabs/Pods-PennLabs.release.xcconfig"; sourceTree = "<group>"; };
		2FB2C62F91ADC19130DA3111 /* Pods-PennLabsTests.debug.xcconfig */ = {isa = PBXFileReference; includeInIndex = 1; lastKnownFileType = text.xcconfig; name = "Pods-PennLabsTests.debug.xcconfig"; path = "Pods/Target Support Files/Pods-PennLabsTests/Pods-PennLabsTests.debug.xcconfig"; sourceTree = "<group>"; };
		386C8E6A4069022272E6E9C6 /* Pods_PennLabsUITests.framework */ = {isa = PBXFileReference; explicitFileType = wrapper.framework; includeInIndex = 0; path = Pods_PennLabsUITests.framework; sourceTree = BUILT_PRODUCTS_DIR; };
		3CD9A106CA3F820A1B28E4AB /* Pods-PennLabs.debug.xcconfig */ = {isa = PBXFileReference; includeInIndex = 1; lastKnownFileType = text.xcconfig; name = "Pods-PennLabs.debug.xcconfig"; path = "Pods/Target Support Files/Pods-PennLabs/Pods-PennLabs.debug.xcconfig"; sourceTree = "<group>"; };
		3D32C892E3D0903585A5BB92 /* Pods-PennLabsUITests.release.xcconfig */ = {isa = PBXFileReference; includeInIndex = 1; lastKnownFileType = text.xcconfig; name = "Pods-PennLabsUITests.release.xcconfig"; path = "Pods/Target Support Files/Pods-PennLabsUITests/Pods-PennLabsUITests.release.xcconfig"; sourceTree = "<group>"; };
		3F9A821A6D652EA808487811 /* Pods-PennLabsUITests.debug.xcconfig */ = {isa = PBXFileReference; includeInIndex = 1; lastKnownFileType = text.xcconfig; name = "Pods-PennLabsUITests.debug.xcconfig"; path = "Pods/Target Support Files/Pods-PennLabsUITests/Pods-PennLabsUITests.debug.xcconfig"; sourceTree = "<group>"; };
		69F30AE3165046DC0705E85E /* Pods_PennLabs.framework */ = {isa = PBXFileReference; explicitFileType = wrapper.framework; includeInIndex = 0; path = Pods_PennLabs.framework; sourceTree = BUILT_PRODUCTS_DIR; };
		84CCD60D4A35A7A8D3D2FFD4 /* Pods-PennLabsTests.release.xcconfig */ = {isa = PBXFileReference; includeInIndex = 1; lastKnownFileType = text.xcconfig; name = "Pods-PennLabsTests.release.xcconfig"; path = "Pods/Target Support Files/Pods-PennLabsTests/Pods-PennLabsTests.release.xcconfig"; sourceTree = "<group>"; };
		90F58D05463DFE33D2E97F77 /* Pods_PennLabsTests.framework */ = {isa = PBXFileReference; explicitFileType = wrapper.framework; includeInIndex = 0; path = Pods_PennLabsTests.framework; sourceTree = BUILT_PRODUCTS_DIR; };
		C9002BE21E4F7D4100489982 /* PennLabs.app */ = {isa = PBXFileReference; explicitFileType = wrapper.application; includeInIndex = 0; path = PennLabs.app; sourceTree = BUILT_PRODUCTS_DIR; };
		C9002BE51E4F7D4100489982 /* AppDelegate.swift */ = {isa = PBXFileReference; lastKnownFileType = sourcecode.swift; path = AppDelegate.swift; sourceTree = "<group>"; };
		C9002BE71E4F7D4100489982 /* ViewController.swift */ = {isa = PBXFileReference; lastKnownFileType = sourcecode.swift; path = ViewController.swift; sourceTree = "<group>"; };
		C9002BEA1E4F7D4100489982 /* Base */ = {isa = PBXFileReference; lastKnownFileType = file.storyboard; name = Base; path = Base.lproj/Main.storyboard; sourceTree = "<group>"; };
		C9002BEC1E4F7D4100489982 /* Assets.xcassets */ = {isa = PBXFileReference; lastKnownFileType = folder.assetcatalog; path = Assets.xcassets; sourceTree = "<group>"; };
		C9002BEF1E4F7D4100489982 /* Base */ = {isa = PBXFileReference; lastKnownFileType = file.storyboard; name = Base; path = Base.lproj/LaunchScreen.storyboard; sourceTree = "<group>"; };
		C9002BF11E4F7D4100489982 /* Info.plist */ = {isa = PBXFileReference; lastKnownFileType = text.plist.xml; path = Info.plist; sourceTree = "<group>"; };
		C9002BF61E4F7D4100489982 /* PennLabsTests.xctest */ = {isa = PBXFileReference; explicitFileType = wrapper.cfbundle; includeInIndex = 0; path = PennLabsTests.xctest; sourceTree = BUILT_PRODUCTS_DIR; };
		C9002BFA1E4F7D4100489982 /* PennLabsTests.swift */ = {isa = PBXFileReference; lastKnownFileType = sourcecode.swift; path = PennLabsTests.swift; sourceTree = "<group>"; };
		C9002BFC1E4F7D4100489982 /* Info.plist */ = {isa = PBXFileReference; lastKnownFileType = text.plist.xml; path = Info.plist; sourceTree = "<group>"; };
		C9002C011E4F7D4100489982 /* PennLabsUITests.xctest */ = {isa = PBXFileReference; explicitFileType = wrapper.cfbundle; includeInIndex = 0; path = PennLabsUITests.xctest; sourceTree = BUILT_PRODUCTS_DIR; };
		C9002C051E4F7D4100489982 /* PennLabsUITests.swift */ = {isa = PBXFileReference; lastKnownFileType = sourcecode.swift; path = PennLabsUITests.swift; sourceTree = "<group>"; };
		C9002C071E4F7D4100489982 /* Info.plist */ = {isa = PBXFileReference; lastKnownFileType = text.plist.xml; path = Info.plist; sourceTree = "<group>"; };
		C961A1D71E4F80D300D0FE14 /* JsonController.swift */ = {isa = PBXFileReference; fileEncoding = 4; lastKnownFileType = sourcecode.swift; path = JsonController.swift; sourceTree = "<group>"; };
		C961A1D91E4F891800D0FE14 /* MapController.swift */ = {isa = PBXFileReference; fileEncoding = 4; lastKnownFileType = sourcecode.swift; path = MapController.swift; sourceTree = "<group>"; };
		C961A1DB1E4F965700D0FE14 /* HistoryController.swift */ = {isa = PBXFileReference; fileEncoding = 4; lastKnownFileType = sourcecode.swift; name = HistoryController.swift; path = ../HistoryController.swift; sourceTree = "<group>"; };
		C961A1DD1E4F972D00D0FE14 /* HistoryCell.swift */ = {isa = PBXFileReference; fileEncoding = 4; lastKnownFileType = sourcecode.swift; name = HistoryCell.swift; path = ../HistoryCell.swift; sourceTree = "<group>"; };
		C961A1DF1E4F9BB500D0FE14 /* Data.plist */ = {isa = PBXFileReference; fileEncoding = 4; lastKnownFileType = text.plist.xml; path = Data.plist; sourceTree = "<group>"; };
/* End PBXFileReference section */

/* Begin PBXFrameworksBuildPhase section */
		C9002BDF1E4F7D4100489982 /* Frameworks */ = {
			isa = PBXFrameworksBuildPhase;
			buildActionMask = 2147483647;
			files = (
				0B0D1EF2DE35FC165D080487 /* Pods_PennLabs.framework in Frameworks */,
			);
			runOnlyForDeploymentPostprocessing = 0;
		};
		C9002BF31E4F7D4100489982 /* Frameworks */ = {
			isa = PBXFrameworksBuildPhase;
			buildActionMask = 2147483647;
			files = (
				5A0BE661FBCFFA13E05A8666 /* Pods_PennLabsTests.framework in Frameworks */,
			);
			runOnlyForDeploymentPostprocessing = 0;
		};
		C9002BFE1E4F7D4100489982 /* Frameworks */ = {
			isa = PBXFrameworksBuildPhase;
			buildActionMask = 2147483647;
			files = (
				863816B4B63043B16091C85F /* Pods_PennLabsUITests.framework in Frameworks */,
			);
			runOnlyForDeploymentPostprocessing = 0;
		};
/* End PBXFrameworksBuildPhase section */

/* Begin PBXGroup section */
		7A7CD689BE8CA436682231DD /* Pods */ = {
			isa = PBXGroup;
			children = (
				3CD9A106CA3F820A1B28E4AB /* Pods-PennLabs.debug.xcconfig */,
				1900E01FB9591D5F0F412C32 /* Pods-PennLabs.release.xcconfig */,
				2FB2C62F91ADC19130DA3111 /* Pods-PennLabsTests.debug.xcconfig */,
				84CCD60D4A35A7A8D3D2FFD4 /* Pods-PennLabsTests.release.xcconfig */,
				3F9A821A6D652EA808487811 /* Pods-PennLabsUITests.debug.xcconfig */,
				3D32C892E3D0903585A5BB92 /* Pods-PennLabsUITests.release.xcconfig */,
			);
			name = Pods;
			sourceTree = "<group>";
		};
		91B47B0FB2E197A4798AA7A9 /* Frameworks */ = {
			isa = PBXGroup;
			children = (
				69F30AE3165046DC0705E85E /* Pods_PennLabs.framework */,
				90F58D05463DFE33D2E97F77 /* Pods_PennLabsTests.framework */,
				386C8E6A4069022272E6E9C6 /* Pods_PennLabsUITests.framework */,
			);
			name = Frameworks;
			sourceTree = "<group>";
		};
		C9002BD91E4F7D4100489982 = {
			isa = PBXGroup;
			children = (
				C9002BE41E4F7D4100489982 /* PennLabs */,
				C9002BF91E4F7D4100489982 /* PennLabsTests */,
				C9002C041E4F7D4100489982 /* PennLabsUITests */,
				C9002BE31E4F7D4100489982 /* Products */,
				7A7CD689BE8CA436682231DD /* Pods */,
				91B47B0FB2E197A4798AA7A9 /* Frameworks */,
			);
			sourceTree = "<group>";
		};
		C9002BE31E4F7D4100489982 /* Products */ = {
			isa = PBXGroup;
			children = (
				C9002BE21E4F7D4100489982 /* PennLabs.app */,
				C9002BF61E4F7D4100489982 /* PennLabsTests.xctest */,
				C9002C011E4F7D4100489982 /* PennLabsUITests.xctest */,
			);
			name = Products;
			sourceTree = "<group>";
		};
		C9002BE41E4F7D4100489982 /* PennLabs */ = {
			isa = PBXGroup;
			children = (
				C961A1DB1E4F965700D0FE14 /* HistoryController.swift */,
				C961A1DD1E4F972D00D0FE14 /* HistoryCell.swift */,
				C9002BE51E4F7D4100489982 /* AppDelegate.swift */,
				C9002BE71E4F7D4100489982 /* ViewController.swift */,
				C9002BE91E4F7D4100489982 /* Main.storyboard */,
				C961A1D91E4F891800D0FE14 /* MapController.swift */,
				C9002BEC1E4F7D4100489982 /* Assets.xcassets */,
				C9002BEE1E4F7D4100489982 /* LaunchScreen.storyboard */,
				C9002BF11E4F7D4100489982 /* Info.plist */,
				C961A1D71E4F80D300D0FE14 /* JsonController.swift */,
				C961A1DF1E4F9BB500D0FE14 /* Data.plist */,
			);
			path = PennLabs;
			sourceTree = "<group>";
		};
		C9002BF91E4F7D4100489982 /* PennLabsTests */ = {
			isa = PBXGroup;
			children = (
				C9002BFA1E4F7D4100489982 /* PennLabsTests.swift */,
				C9002BFC1E4F7D4100489982 /* Info.plist */,
			);
			path = PennLabsTests;
			sourceTree = "<group>";
		};
		C9002C041E4F7D4100489982 /* PennLabsUITests */ = {
			isa = PBXGroup;
			children = (
				C9002C051E4F7D4100489982 /* PennLabsUITests.swift */,
				C9002C071E4F7D4100489982 /* Info.plist */,
			);
			path = PennLabsUITests;
			sourceTree = "<group>";
		};
/* End PBXGroup section */

/* Begin PBXNativeTarget section */
		C9002BE11E4F7D4100489982 /* PennLabs */ = {
			isa = PBXNativeTarget;
			buildConfigurationList = C9002C0A1E4F7D4100489982 /* Build configuration list for PBXNativeTarget "PennLabs" */;
			buildPhases = (
				E97A6A0DC7ED654552F0A347 /* [CP] Check Pods Manifest.lock */,
				C9002BDE1E4F7D4100489982 /* Sources */,
				C9002BDF1E4F7D4100489982 /* Frameworks */,
				C9002BE01E4F7D4100489982 /* Resources */,
				68BA781194329FF2FE0F3D7E /* [CP] Embed Pods Frameworks */,
				D6A4C73DAD19D0C548FCD031 /* [CP] Copy Pods Resources */,
			);
			buildRules = (
			);
			dependencies = (
			);
			name = PennLabs;
			productName = PennLabs;
			productReference = C9002BE21E4F7D4100489982 /* PennLabs.app */;
			productType = "com.apple.product-type.application";
		};
		C9002BF51E4F7D4100489982 /* PennLabsTests */ = {
			isa = PBXNativeTarget;
			buildConfigurationList = C9002C0D1E4F7D4100489982 /* Build configuration list for PBXNativeTarget "PennLabsTests" */;
			buildPhases = (
				2A02150E76C774EF1659D9B2 /* [CP] Check Pods Manifest.lock */,
				C9002BF21E4F7D4100489982 /* Sources */,
				C9002BF31E4F7D4100489982 /* Frameworks */,
				C9002BF41E4F7D4100489982 /* Resources */,
				0A5E843E0E605CA4583A950D /* [CP] Embed Pods Frameworks */,
				C3AF9A5006CFED288A45E459 /* [CP] Copy Pods Resources */,
			);
			buildRules = (
			);
			dependencies = (
				C9002BF81E4F7D4100489982 /* PBXTargetDependency */,
			);
			name = PennLabsTests;
			productName = PennLabsTests;
			productReference = C9002BF61E4F7D4100489982 /* PennLabsTests.xctest */;
			productType = "com.apple.product-type.bundle.unit-test";
		};
		C9002C001E4F7D4100489982 /* PennLabsUITests */ = {
			isa = PBXNativeTarget;
			buildConfigurationList = C9002C101E4F7D4100489982 /* Build configuration list for PBXNativeTarget "PennLabsUITests" */;
			buildPhases = (
				CB586DCFDFCDD8A0E331CDBB /* [CP] Check Pods Manifest.lock */,
				C9002BFD1E4F7D4100489982 /* Sources */,
				C9002BFE1E4F7D4100489982 /* Frameworks */,
				C9002BFF1E4F7D4100489982 /* Resources */,
				50D9B6F1CC88322A41E7DEFF /* [CP] Embed Pods Frameworks */,
				30C3C5FB995FEFC61EAAA854 /* [CP] Copy Pods Resources */,
			);
			buildRules = (
			);
			dependencies = (
				C9002C031E4F7D4100489982 /* PBXTargetDependency */,
			);
			name = PennLabsUITests;
			productName = PennLabsUITests;
			productReference = C9002C011E4F7D4100489982 /* PennLabsUITests.xctest */;
			productType = "com.apple.product-type.bundle.ui-testing";
		};
/* End PBXNativeTarget section */

/* Begin PBXProject section */
		C9002BDA1E4F7D4100489982 /* Project object */ = {
			isa = PBXProject;
			attributes = {
				LastSwiftUpdateCheck = 0820;
				LastUpgradeCheck = 0820;
				ORGANIZATIONNAME = "Matthew Riley";
				TargetAttributes = {
					C9002BE11E4F7D4100489982 = {
						CreatedOnToolsVersion = 8.2.1;
						DevelopmentTeam = 7T78XPL7SP;
						ProvisioningStyle = Automatic;
					};
					C9002BF51E4F7D4100489982 = {
						CreatedOnToolsVersion = 8.2.1;
						ProvisioningStyle = Automatic;
						TestTargetID = C9002BE11E4F7D4100489982;
					};
					C9002C001E4F7D4100489982 = {
						CreatedOnToolsVersion = 8.2.1;
						ProvisioningStyle = Automatic;
						TestTargetID = C9002BE11E4F7D4100489982;
					};
				};
			};
			buildConfigurationList = C9002BDD1E4F7D4100489982 /* Build configuration list for PBXProject "PennLabs" */;
			compatibilityVersion = "Xcode 3.2";
			developmentRegion = English;
			hasScannedForEncodings = 0;
			knownRegions = (
				en,
				Base,
			);
			mainGroup = C9002BD91E4F7D4100489982;
			productRefGroup = C9002BE31E4F7D4100489982 /* Products */;
			projectDirPath = "";
			projectRoot = "";
			targets = (
				C9002BE11E4F7D4100489982 /* PennLabs */,
				C9002BF51E4F7D4100489982 /* PennLabsTests */,
				C9002C001E4F7D4100489982 /* PennLabsUITests */,
			);
		};
/* End PBXProject section */

/* Begin PBXResourcesBuildPhase section */
		C9002BE01E4F7D4100489982 /* Resources */ = {
			isa = PBXResourcesBuildPhase;
			buildActionMask = 2147483647;
			files = (
				C9002BF01E4F7D4100489982 /* LaunchScreen.storyboard in Resources */,
				C9002BED1E4F7D4100489982 /* Assets.xcassets in Resources */,
				C961A1E01E4F9BB500D0FE14 /* Data.plist in Resources */,
				C9002BEB1E4F7D4100489982 /* Main.storyboard in Resources */,
			);
			runOnlyForDeploymentPostprocessing = 0;
		};
		C9002BF41E4F7D4100489982 /* Resources */ = {
			isa = PBXResourcesBuildPhase;
			buildActionMask = 2147483647;
			files = (
			);
			runOnlyForDeploymentPostprocessing = 0;
		};
		C9002BFF1E4F7D4100489982 /* Resources */ = {
			isa = PBXResourcesBuildPhase;
			buildActionMask = 2147483647;
			files = (
			);
			runOnlyForDeploymentPostprocessing = 0;
		};
/* End PBXResourcesBuildPhase section */

/* Begin PBXShellScriptBuildPhase section */
		0A5E843E0E605CA4583A950D /* [CP] Embed Pods Frameworks */ = {
			isa = PBXShellScriptBuildPhase;
			buildActionMask = 2147483647;
			files = (
			);
			inputPaths = (
			);
			name = "[CP] Embed Pods Frameworks";
			outputPaths = (
			);
			runOnlyForDeploymentPostprocessing = 0;
			shellPath = /bin/sh;
			shellScript = "\"${SRCROOT}/Pods/Target Support Files/Pods-PennLabsTests/Pods-PennLabsTests-frameworks.sh\"\n";
			showEnvVarsInLog = 0;
		};
		2A02150E76C774EF1659D9B2 /* [CP] Check Pods Manifest.lock */ = {
			isa = PBXShellScriptBuildPhase;
			buildActionMask = 2147483647;
			files = (
			);
			inputPaths = (
			);
			name = "[CP] Check Pods Manifest.lock";
			outputPaths = (
			);
			runOnlyForDeploymentPostprocessing = 0;
			shellPath = /bin/sh;
			shellScript = "diff \"${PODS_ROOT}/../Podfile.lock\" \"${PODS_ROOT}/Manifest.lock\" > /dev/null\nif [ $? != 0 ] ; then\n    # print error to STDERR\n    echo \"error: The sandbox is not in sync with the Podfile.lock. Run 'pod install' or update your CocoaPods installation.\" >&2\n    exit 1\nfi\n";
			showEnvVarsInLog = 0;
		};
		30C3C5FB995FEFC61EAAA854 /* [CP] Copy Pods Resources */ = {
			isa = PBXShellScriptBuildPhase;
			buildActionMask = 2147483647;
			files = (
			);
			inputPaths = (
			);
			name = "[CP] Copy Pods Resources";
			outputPaths = (
			);
			runOnlyForDeploymentPostprocessing = 0;
			shellPath = /bin/sh;
			shellScript = "\"${SRCROOT}/Pods/Target Support Files/Pods-PennLabsUITests/Pods-PennLabsUITests-resources.sh\"\n";
			showEnvVarsInLog = 0;
		};
		50D9B6F1CC88322A41E7DEFF /* [CP] Embed Pods Frameworks */ = {
			isa = PBXShellScriptBuildPhase;
			buildActionMask = 2147483647;
			files = (
			);
			inputPaths = (
			);
			name = "[CP] Embed Pods Frameworks";
			outputPaths = (
			);
			runOnlyForDeploymentPostprocessing = 0;
			shellPath = /bin/sh;
			shellScript = "\"${SRCROOT}/Pods/Target Support Files/Pods-PennLabsUITests/Pods-PennLabsUITests-frameworks.sh\"\n";
			showEnvVarsInLog = 0;
		};
		68BA781194329FF2FE0F3D7E /* [CP] Embed Pods Frameworks */ = {
			isa = PBXShellScriptBuildPhase;
			buildActionMask = 2147483647;
			files = (
			);
			inputPaths = (
			);
			name = "[CP] Embed Pods Frameworks";
			outputPaths = (
			);
			runOnlyForDeploymentPostprocessing = 0;
			shellPath = /bin/sh;
			shellScript = "\"${SRCROOT}/Pods/Target Support Files/Pods-PennLabs/Pods-PennLabs-frameworks.sh\"\n";
			showEnvVarsInLog = 0;
		};
		C3AF9A5006CFED288A45E459 /* [CP] Copy Pods Resources */ = {
			isa = PBXShellScriptBuildPhase;
			buildActionMask = 2147483647;
			files = (
			);
			inputPaths = (
			);
			name = "[CP] Copy Pods Resources";
			outputPaths = (
			);
			runOnlyForDeploymentPostprocessing = 0;
			shellPath = /bin/sh;
			shellScript = "\"${SRCROOT}/Pods/Target Support Files/Pods-PennLabsTests/Pods-PennLabsTests-resources.sh\"\n";
			showEnvVarsInLog = 0;
		};
		CB586DCFDFCDD8A0E331CDBB /* [CP] Check Pods Manifest.lock */ = {
			isa = PBXShellScriptBuildPhase;
			buildActionMask = 2147483647;
			files = (
			);
			inputPaths = (
			);
			name = "[CP] Check Pods Manifest.lock";
			outputPaths = (
			);
			runOnlyForDeploymentPostprocessing = 0;
			shellPath = /bin/sh;
			shellScript = "diff \"${PODS_ROOT}/../Podfile.lock\" \"${PODS_ROOT}/Manifest.lock\" > /dev/null\nif [ $? != 0 ] ; then\n    # print error to STDERR\n    echo \"error: The sandbox is not in sync with the Podfile.lock. Run 'pod install' or update your CocoaPods installation.\" >&2\n    exit 1\nfi\n";
			showEnvVarsInLog = 0;
		};
		D6A4C73DAD19D0C548FCD031 /* [CP] Copy Pods Resources */ = {
			isa = PBXShellScriptBuildPhase;
			buildActionMask = 2147483647;
			files = (
			);
			inputPaths = (
			);
			name = "[CP] Copy Pods Resources";
			outputPaths = (
			);
			runOnlyForDeploymentPostprocessing = 0;
			shellPath = /bin/sh;
			shellScript = "\"${SRCROOT}/Pods/Target Support Files/Pods-PennLabs/Pods-PennLabs-resources.sh\"\n";
			showEnvVarsInLog = 0;
		};
		E97A6A0DC7ED654552F0A347 /* [CP] Check Pods Manifest.lock */ = {
			isa = PBXShellScriptBuildPhase;
			buildActionMask = 2147483647;
			files = (
			);
			inputPaths = (
			);
			name = "[CP] Check Pods Manifest.lock";
			outputPaths = (
			);
			runOnlyForDeploymentPostprocessing = 0;
			shellPath = /bin/sh;
			shellScript = "diff \"${PODS_ROOT}/../Podfile.lock\" \"${PODS_ROOT}/Manifest.lock\" > /dev/null\nif [ $? != 0 ] ; then\n    # print error to STDERR\n    echo \"error: The sandbox is not in sync with the Podfile.lock. Run 'pod install' or update your CocoaPods installation.\" >&2\n    exit 1\nfi\n";
			showEnvVarsInLog = 0;
		};
/* End PBXShellScriptBuildPhase section */

/* Begin PBXSourcesBuildPhase section */
		C9002BDE1E4F7D4100489982 /* Sources */ = {
			isa = PBXSourcesBuildPhase;
			buildActionMask = 2147483647;
			files = (
				C961A1DE1E4F972D00D0FE14 /* HistoryCell.swift in Sources */,
				C961A1DC1E4F965700D0FE14 /* HistoryController.swift in Sources */,
				C961A1DA1E4F891800D0FE14 /* MapController.swift in Sources */,
				C9002BE81E4F7D4100489982 /* ViewController.swift in Sources */,
				C9002BE61E4F7D4100489982 /* AppDelegate.swift in Sources */,
				C961A1D81E4F80D300D0FE14 /* JsonController.swift in Sources */,
			);
			runOnlyForDeploymentPostprocessing = 0;
		};
		C9002BF21E4F7D4100489982 /* Sources */ = {
			isa = PBXSourcesBuildPhase;
			buildActionMask = 2147483647;
			files = (
				C9002BFB1E4F7D4100489982 /* PennLabsTests.swift in Sources */,
			);
			runOnlyForDeploymentPostprocessing = 0;
		};
		C9002BFD1E4F7D4100489982 /* Sources */ = {
			isa = PBXSourcesBuildPhase;
			buildActionMask = 2147483647;
			files = (
				C9002C061E4F7D4100489982 /* PennLabsUITests.swift in Sources */,
			);
			runOnlyForDeploymentPostprocessing = 0;
		};
/* End PBXSourcesBuildPhase section */

/* Begin PBXTargetDependency section */
		C9002BF81E4F7D4100489982 /* PBXTargetDependency */ = {
			isa = PBXTargetDependency;
			target = C9002BE11E4F7D4100489982 /* PennLabs */;
			targetProxy = C9002BF71E4F7D4100489982 /* PBXContainerItemProxy */;
		};
		C9002C031E4F7D4100489982 /* PBXTargetDependency */ = {
			isa = PBXTargetDependency;
			target = C9002BE11E4F7D4100489982 /* PennLabs */;
			targetProxy = C9002C021E4F7D4100489982 /* PBXContainerItemProxy */;
		};
/* End PBXTargetDependency section */

/* Begin PBXVariantGroup section */
		C9002BE91E4F7D4100489982 /* Main.storyboard */ = {
			isa = PBXVariantGroup;
			children = (
				C9002BEA1E4F7D4100489982 /* Base */,
			);
			name = Main.storyboard;
			sourceTree = "<group>";
		};
		C9002BEE1E4F7D4100489982 /* LaunchScreen.storyboard */ = {
			isa = PBXVariantGroup;
			children = (
				C9002BEF1E4F7D4100489982 /* Base */,
			);
			name = LaunchScreen.storyboard;
			sourceTree = "<group>";
		};
/* End PBXVariantGroup section */

/* Begin XCBuildConfiguration section */
		C9002C081E4F7D4100489982 /* Debug */ = {
			isa = XCBuildConfiguration;
			buildSettings = {
				ALWAYS_SEARCH_USER_PATHS = NO;
				CLANG_ANALYZER_NONNULL = YES;
				CLANG_CXX_LANGUAGE_STANDARD = "gnu++0x";
				CLANG_CXX_LIBRARY = "libc++";
				CLANG_ENABLE_MODULES = YES;
				CLANG_ENABLE_OBJC_ARC = YES;
				CLANG_WARN_BOOL_CONVERSION = YES;
				CLANG_WARN_CONSTANT_CONVERSION = YES;
				CLANG_WARN_DIRECT_OBJC_ISA_USAGE = YES_ERROR;
				CLANG_WARN_DOCUMENTATION_COMMENTS = YES;
				CLANG_WARN_EMPTY_BODY = YES;
				CLANG_WARN_ENUM_CONVERSION = YES;
				CLANG_WARN_INFINITE_RECURSION = YES;
				CLANG_WARN_INT_CONVERSION = YES;
				CLANG_WARN_OBJC_ROOT_CLASS = YES_ERROR;
				CLANG_WARN_SUSPICIOUS_MOVE = YES;
				CLANG_WARN_UNREACHABLE_CODE = YES;
				CLANG_WARN__DUPLICATE_METHOD_MATCH = YES;
				"CODE_SIGN_IDENTITY[sdk=iphoneos*]" = "iPhone Developer";
				COPY_PHASE_STRIP = NO;
				DEBUG_INFORMATION_FORMAT = dwarf;
				ENABLE_STRICT_OBJC_MSGSEND = YES;
				ENABLE_TESTABILITY = YES;
				GCC_C_LANGUAGE_STANDARD = gnu99;
				GCC_DYNAMIC_NO_PIC = NO;
				GCC_NO_COMMON_BLOCKS = YES;
				GCC_OPTIMIZATION_LEVEL = 0;
				GCC_PREPROCESSOR_DEFINITIONS = (
					"DEBUG=1",
					"$(inherited)",
				);
				GCC_WARN_64_TO_32_BIT_CONVERSION = YES;
				GCC_WARN_ABOUT_RETURN_TYPE = YES_ERROR;
				GCC_WARN_UNDECLARED_SELECTOR = YES;
				GCC_WARN_UNINITIALIZED_AUTOS = YES_AGGRESSIVE;
				GCC_WARN_UNUSED_FUNCTION = YES;
				GCC_WARN_UNUSED_VARIABLE = YES;
				IPHONEOS_DEPLOYMENT_TARGET = 10.2;
				MTL_ENABLE_DEBUG_INFO = YES;
				ONLY_ACTIVE_ARCH = YES;
				SDKROOT = iphoneos;
				SWIFT_ACTIVE_COMPILATION_CONDITIONS = DEBUG;
				SWIFT_OPTIMIZATION_LEVEL = "-Onone";
			};
			name = Debug;
		};
		C9002C091E4F7D4100489982 /* Release */ = {
			isa = XCBuildConfiguration;
			buildSettings = {
				ALWAYS_SEARCH_USER_PATHS = NO;
				CLANG_ANALYZER_NONNULL = YES;
				CLANG_CXX_LANGUAGE_STANDARD = "gnu++0x";
				CLANG_CXX_LIBRARY = "libc++";
				CLANG_ENABLE_MODULES = YES;
				CLANG_ENABLE_OBJC_ARC = YES;
				CLANG_WARN_BOOL_CONVERSION = YES;
				CLANG_WARN_CONSTANT_CONVERSION = YES;
				CLANG_WARN_DIRECT_OBJC_ISA_USAGE = YES_ERROR;
				CLANG_WARN_DOCUMENTATION_COMMENTS = YES;
				CLANG_WARN_EMPTY_BODY = YES;
				CLANG_WARN_ENUM_CONVERSION = YES;
				CLANG_WARN_INFINITE_RECURSION = YES;
				CLANG_WARN_INT_CONVERSION = YES;
				CLANG_WARN_OBJC_ROOT_CLASS = YES_ERROR;
				CLANG_WARN_SUSPICIOUS_MOVE = YES;
				CLANG_WARN_UNREACHABLE_CODE = YES;
				CLANG_WARN__DUPLICATE_METHOD_MATCH = YES;
				"CODE_SIGN_IDENTITY[sdk=iphoneos*]" = "iPhone Developer";
				COPY_PHASE_STRIP = NO;
				DEBUG_INFORMATION_FORMAT = "dwarf-with-dsym";
				ENABLE_NS_ASSERTIONS = NO;
				ENABLE_STRICT_OBJC_MSGSEND = YES;
				GCC_C_LANGUAGE_STANDARD = gnu99;
				GCC_NO_COMMON_BLOCKS = YES;
				GCC_WARN_64_TO_32_BIT_CONVERSION = YES;
				GCC_WARN_ABOUT_RETURN_TYPE = YES_ERROR;
				GCC_WARN_UNDECLARED_SELECTOR = YES;
				GCC_WARN_UNINITIALIZED_AUTOS = YES_AGGRESSIVE;
				GCC_WARN_UNUSED_FUNCTION = YES;
				GCC_WARN_UNUSED_VARIABLE = YES;
				IPHONEOS_DEPLOYMENT_TARGET = 10.2;
				MTL_ENABLE_DEBUG_INFO = NO;
				SDKROOT = iphoneos;
				SWIFT_OPTIMIZATION_LEVEL = "-Owholemodule";
				VALIDATE_PRODUCT = YES;
			};
			name = Release;
		};
		C9002C0B1E4F7D4100489982 /* Debug */ = {
			isa = XCBuildConfiguration;
			baseConfigurationReference = 3CD9A106CA3F820A1B28E4AB /* Pods-PennLabs.debug.xcconfig */;
			buildSettings = {
				ASSETCATALOG_COMPILER_APPICON_NAME = AppIcon;
				DEVELOPMENT_TEAM = 7T78XPL7SP;
				INFOPLIST_FILE = PennLabs/Info.plist;
				IPHONEOS_DEPLOYMENT_TARGET = 9.0;
				LD_RUNPATH_SEARCH_PATHS = "$(inherited) @executable_path/Frameworks";
				PRODUCT_BUNDLE_IDENTIFIER = Riley.PennLabs;
				PRODUCT_NAME = "$(TARGET_NAME)";
				SWIFT_VERSION = 3.0;
			};
			name = Debug;
		};
		C9002C0C1E4F7D4100489982 /* Release */ = {
			isa = XCBuildConfiguration;
			baseConfigurationReference = 1900E01FB9591D5F0F412C32 /* Pods-PennLabs.release.xcconfig */;
			buildSettings = {
				ASSETCATALOG_COMPILER_APPICON_NAME = AppIcon;
				DEVELOPMENT_TEAM = 7T78XPL7SP;
				INFOPLIST_FILE = PennLabs/Info.plist;
				IPHONEOS_DEPLOYMENT_TARGET = 9.0;
				LD_RUNPATH_SEARCH_PATHS = "$(inherited) @executable_path/Frameworks";
				PRODUCT_BUNDLE_IDENTIFIER = Riley.PennLabs;
				PRODUCT_NAME = "$(TARGET_NAME)";
				SWIFT_VERSION = 3.0;
			};
			name = Release;
		};
		C9002C0E1E4F7D4100489982 /* Debug */ = {
			isa = XCBuildConfiguration;
			baseConfigurationReference = 2FB2C62F91ADC19130DA3111 /* Pods-PennLabsTests.debug.xcconfig */;
			buildSettings = {
				ALWAYS_EMBED_SWIFT_STANDARD_LIBRARIES = YES;
				BUNDLE_LOADER = "$(TEST_HOST)";
				INFOPLIST_FILE = PennLabsTests/Info.plist;
				LD_RUNPATH_SEARCH_PATHS = "$(inherited) @executable_path/Frameworks @loader_path/Frameworks";
				PRODUCT_BUNDLE_IDENTIFIER = Riley.PennLabsTests;
				PRODUCT_NAME = "$(TARGET_NAME)";
				SWIFT_VERSION = 3.0;
				TEST_HOST = "$(BUILT_PRODUCTS_DIR)/PennLabs.app/PennLabs";
			};
			name = Debug;
		};
		C9002C0F1E4F7D4100489982 /* Release */ = {
			isa = XCBuildConfiguration;
			baseConfigurationReference = 84CCD60D4A35A7A8D3D2FFD4 /* Pods-PennLabsTests.release.xcconfig */;
			buildSettings = {
				ALWAYS_EMBED_SWIFT_STANDARD_LIBRARIES = YES;
				BUNDLE_LOADER = "$(TEST_HOST)";
				INFOPLIST_FILE = PennLabsTests/Info.plist;
				LD_RUNPATH_SEARCH_PATHS = "$(inherited) @executable_path/Frameworks @loader_path/Frameworks";
				PRODUCT_BUNDLE_IDENTIFIER = Riley.PennLabsTests;
				PRODUCT_NAME = "$(TARGET_NAME)";
				SWIFT_VERSION = 3.0;
				TEST_HOST = "$(BUILT_PRODUCTS_DIR)/PennLabs.app/PennLabs";
			};
			name = Release;
		};
		C9002C111E4F7D4100489982 /* Debug */ = {
			isa = XCBuildConfiguration;
			baseConfigurationReference = 3F9A821A6D652EA808487811 /* Pods-PennLabsUITests.debug.xcconfig */;
			buildSettings = {
				ALWAYS_EMBED_SWIFT_STANDARD_LIBRARIES = YES;
				INFOPLIST_FILE = PennLabsUITests/Info.plist;
				LD_RUNPATH_SEARCH_PATHS = "$(inherited) @executable_path/Frameworks @loader_path/Frameworks";
				PRODUCT_BUNDLE_IDENTIFIER = Riley.PennLabsUITests;
				PRODUCT_NAME = "$(TARGET_NAME)";
				SWIFT_VERSION = 3.0;
				TEST_TARGET_NAME = PennLabs;
			};
			name = Debug;
		};
		C9002C121E4F7D4100489982 /* Release */ = {
			isa = XCBuildConfiguration;
			baseConfigurationReference = 3D32C892E3D0903585A5BB92 /* Pods-PennLabsUITests.release.xcconfig */;
			buildSettings = {
				ALWAYS_EMBED_SWIFT_STANDARD_LIBRARIES = YES;
				INFOPLIST_FILE = PennLabsUITests/Info.plist;
				LD_RUNPATH_SEARCH_PATHS = "$(inherited) @executable_path/Frameworks @loader_path/Frameworks";
				PRODUCT_BUNDLE_IDENTIFIER = Riley.PennLabsUITests;
				PRODUCT_NAME = "$(TARGET_NAME)";
				SWIFT_VERSION = 3.0;
				TEST_TARGET_NAME = PennLabs;
			};
			name = Release;
		};
/* End XCBuildConfiguration section */

/* Begin XCConfigurationList section */
		C9002BDD1E4F7D4100489982 /* Build configuration list for PBXProject "PennLabs" */ = {
			isa = XCConfigurationList;
			buildConfigurations = (
				C9002C081E4F7D4100489982 /* Debug */,
				C9002C091E4F7D4100489982 /* Release */,
			);
			defaultConfigurationIsVisible = 0;
			defaultConfigurationName = Release;
		};
		C9002C0A1E4F7D4100489982 /* Build configuration list for PBXNativeTarget "PennLabs" */ = {
			isa = XCConfigurationList;
			buildConfigurations = (
				C9002C0B1E4F7D4100489982 /* Debug */,
				C9002C0C1E4F7D4100489982 /* Release */,
			);
			defaultConfigurationIsVisible = 0;
			defaultConfigurationName = Release;
		};
		C9002C0D1E4F7D4100489982 /* Build configuration list for PBXNativeTarget "PennLabsTests" */ = {
			isa = XCConfigurationList;
			buildConfigurations = (
				C9002C0E1E4F7D4100489982 /* Debug */,
				C9002C0F1E4F7D4100489982 /* Release */,
			);
			defaultConfigurationIsVisible = 0;
			defaultConfigurationName = Release;
		};
		C9002C101E4F7D4100489982 /* Build configuration list for PBXNativeTarget "PennLabsUITests" */ = {
			isa = XCConfigurationList;
			buildConfigurations = (
				C9002C111E4F7D4100489982 /* Debug */,
				C9002C121E4F7D4100489982 /* Release */,
			);
			defaultConfigurationIsVisible = 0;
			defaultConfigurationName = Release;
		};
/* End XCConfigurationList section */
	};
	rootObject = C9002BDA1E4F7D4100489982 /* Project object */;
}
